
Microsoft Visual Studio Solution File, Format Version 12.00
# Visual Studio 15
VisualStudioVersion = 15.0.28307.572
MinimumVisualStudioVersion = 10.0.40219.1
Project("{FAE04EC0-301F-11D3-BF4B-00C04F79EFBC}") = "BarManager", "BarManager\BarManager.csproj", "{4434D631-8B33-4639-953E-98D7DECF5921}"
EndProject
Global
	GlobalSection(SolutionConfigurationPlatforms) = preSolution
		Debug|Any CPU = Debug|Any CPU
		Release|Any CPU = Release|Any CPU
	EndGlobalSection
	GlobalSection(ProjectConfigurationPlatforms) = postSolution
		{4434D631-8B33-4639-953E-98D7DECF5921}.Debug|Any CPU.ActiveCfg = Debug|Any CPU
		{4434D631-8B33-4639-953E-98D7DECF5921}.Debug|Any CPU.Build.0 = Debug|Any CPU
		{4434D631-8B33-4639-953E-98D7DECF5921}.Release|Any CPU.ActiveCfg = Release|Any CPU
		{4434D631-8B33-4639-953E-98D7DECF5921}.Release|Any CPU.Build.0 = Release|Any CPU
	EndGlobalSection
	GlobalSection(SolutionProperties) = preSolution
		HideSolutionNode = FALSE
	EndGlobalSection
	GlobalSection(ExtensibilityGlobals) = postSolution
		SolutionGuid = {FCB913FF-11CE-4FA8-BDD5-E2670D2BC8F2}
	EndGlobalSection
EndGlobal
